{
  "name": "client",
  "version": "1.0.0",
  "lockfileVersion": 3,
  "requires": true,
  "packages": {
    "": {
      "name": "client",
      "version": "1.0.0",
      "license": "ISC",
      "dependencies": {
        "angular-jwt": "^0.1.11",
        "angularjs-toast": "^4.0.1",
        "angularjs-toaster": "^3.0.0",
        "ng-file-model": "^0.0.5",
        "ng-file-upload": "^12.2.13",
        "textangular": "^1.5.16"
      }
    },
    "node_modules/angular": {
      "version": "1.8.3",
      "resolved": "https://registry.npmjs.org/angular/-/angular-1.8.3.tgz",
      "integrity": "sha512-5qjkWIQQVsHj4Sb5TcEs4WZWpFeVFHXwxEBHUhrny41D8UrBAd6T/6nPPAsLngJCReIOqi95W3mxdveveutpZw==",
      "deprecated": "For the actively supported Angular, see https://www.npmjs.com/package/@angular/core. AngularJS support has officially ended. For extended AngularJS support options, see https://goo.gle/angularjs-path-forward."
    },
    "node_modules/angular-animate": {
      "version": "1.8.3",
      "resolved": "https://registry.npmjs.org/angular-animate/-/angular-animate-1.8.3.tgz",
      "integrity": "sha512-/LtTKvy5sD6MZbV0v+nHgOIpnFF0mrUp+j5WIxVprVhcrJriYpuCZf4S7Owj1o76De/J0eRzANUozNJ6hVepnQ==",
      "deprecated": "For the actively supported Angular, see https://www.npmjs.com/package/@angular/core. AngularJS support has officially ended. For extended AngularJS support options, see https://goo.gle/angularjs-path-forward.",
      "peer": true
    },
    "node_modules/angular-jwt": {
      "version": "0.1.11",
      "resolved": "https://registry.npmjs.org/angular-jwt/-/angular-jwt-0.1.11.tgz",
      "integrity": "sha512-793dv5vXOXaW5/cweMd+sqSf9dPhbazDya3szTVOQ84MDEj1nYLJrixBBa7WNtZeMqz7ylWX7djnFgqLjEWcHw==",
      "engines": {
        "node": ">=0.8.0"
      }
    },
    "node_modules/angular-sanitize": {
      "version": "1.8.3",
      "resolved": "https://registry.npmjs.org/angular-sanitize/-/angular-sanitize-1.8.3.tgz",
      "integrity": "sha512-2rxdqzlUVafUeWOwvY/FtyWk1pFTyCtzreeiTytG9m4smpuAEKaIJAjYeVwWsoV+nlTOcgpwV4W1OCmR+BQbUg==",
      "deprecated": "For the actively supported Angular, see https://www.npmjs.com/package/@angular/core. AngularJS support has officially ended. For extended AngularJS support options, see https://goo.gle/angularjs-path-forward.",
      "peer": true
    },
    "node_modules/angularjs-toast": {
      "version": "4.0.1",
      "resolved": "https://registry.npmjs.org/angularjs-toast/-/angularjs-toast-4.0.1.tgz",
      "integrity": "sha512-E9YzH6b0RZmxxqLLslB6LevGfQh+IWkWe+yoOasec6IiLdlTR6lNYoo2fMsGyaLZXdPnYZwcmCwy8oehhZcERQ==",
      "peerDependencies": {
        "angular": "^1.6.0",
        "angular-animate": "^1.6.0",
        "angular-sanitize": "^1.6.0"
      }
    },
    "node_modules/angularjs-toaster": {
      "version": "3.0.0",
      "resolved": "https://registry.npmjs.org/angularjs-toaster/-/angularjs-toaster-3.0.0.tgz",
      "integrity": "sha512-Upv5lkyrWWv9aIK4Jo7X9nCp1tPaWerSEeUrdjibm0GhwuW0/aoaUjn8Ou7IS8/QIGZspXrXHWGTa/CRBOj6Jg=="
    },
    "node_modules/ng-file-model": {
      "version": "0.0.5",
      "resolved": "https://registry.npmjs.org/ng-file-model/-/ng-file-model-0.0.5.tgz",
      "integrity": "sha512-gFzSKeN6CRamRMAj6ZRpE/JaGAgvL5IgYahyG3behdbXwiXG07sAYSarCu+O4wnoHRAYSTAfONdd6z6H5+vWQQ==",
      "dependencies": {
        "angular": "^1.4.0"
      }
    },
    "node_modules/ng-file-upload": {
      "version": "12.2.13",
      "resolved": "https://registry.npmjs.org/ng-file-upload/-/ng-file-upload-12.2.13.tgz",
      "integrity": "sha512-YFjxwmVcNssYc8hq8eCbtYSliPnrObozSZRC9yg4GoDtI0xGKUeHgEcOh+nsMF/9cTzMB/lQZAYdf29oyQgF0g=="
    },
    "node_modules/rangy": {
      "version": "1.3.1",
      "resolved": "https://registry.npmjs.org/rangy/-/rangy-1.3.1.tgz",
      "integrity": "sha512-gfo1FOzdvcrcCR+wf0XMKPJBD3p2nHUw2wvNtuKsaHoI2dXQ9vH2QIpSQMV+mWLvKSqPfDNThhlyK8UN1hJijw=="
    },
    "node_modules/textangular": {
      "version": "1.5.16",
      "resolved": "https://registry.npmjs.org/textangular/-/textangular-1.5.16.tgz",
      "integrity": "sha512-CLpcPqMd4X8rsNagdHcyL0DtZF+orCpc2bq9VxVWVYfvUcQQQ17scfXkyhkmUlyF7bGcPlBvQx6Qt0r/DGioAA==",
      "dependencies": {
        "rangy": "^1.3.0"
      }
    }
  }
}
