{
  "name": "client",
  "version": "1.0.0",
  "lockfileVersion": 3,
  "requires": true,
  "packages": {
    "": {
      "name": "client",
      "version": "1.0.0",
      "license": "ISC",
      "dependencies": {
        "angular-jwt": "^0.1.11",
        "angularjs-toast": "^4.0.1"
      }
    },
    "node_modules/angular": {
      "version": "1.8.3",
      "resolved": "https://registry.npmjs.org/angular/-/angular-1.8.3.tgz",
      "integrity": "sha512-5qjkWIQQVsHj4Sb5TcEs4WZWpFeVFHXwxEBHUhrny41D8UrBAd6T/6nPPAsLngJCReIOqi95W3mxdveveutpZw==",
      "deprecated": "For the actively supported Angular, see https://www.npmjs.com/package/@angular/core. AngularJS support has officially ended. For extended AngularJS support options, see https://goo.gle/angularjs-path-forward.",
      "peer": true
    },
    "node_modules/angular-animate": {
      "version": "1.8.3",
      "resolved": "https://registry.npmjs.org/angular-animate/-/angular-animate-1.8.3.tgz",
      "integrity": "sha512-/LtTKvy5sD6MZbV0v+nHgOIpnFF0mrUp+j5WIxVprVhcrJriYpuCZf4S7Owj1o76De/J0eRzANUozNJ6hVepnQ==",
      "deprecated": "For the actively supported Angular, see https://www.npmjs.com/package/@angular/core. AngularJS support has officially ended. For extended AngularJS support options, see https://goo.gle/angularjs-path-forward.",
      "peer": true
    },
    "node_modules/angular-jwt": {
      "version": "0.1.11",
      "resolved": "https://registry.npmjs.org/angular-jwt/-/angular-jwt-0.1.11.tgz",
      "integrity": "sha512-793dv5vXOXaW5/cweMd+sqSf9dPhbazDya3szTVOQ84MDEj1nYLJrixBBa7WNtZeMqz7ylWX7djnFgqLjEWcHw==",
      "engines": {
        "node": ">=0.8.0"
      }
    },
    "node_modules/angular-sanitize": {
      "version": "1.8.3",
      "resolved": "https://registry.npmjs.org/angular-sanitize/-/angular-sanitize-1.8.3.tgz",
      "integrity": "sha512-2rxdqzlUVafUeWOwvY/FtyWk1pFTyCtzreeiTytG9m4smpuAEKaIJAjYeVwWsoV+nlTOcgpwV4W1OCmR+BQbUg==",
      "deprecated": "For the actively supported Angular, see https://www.npmjs.com/package/@angular/core. AngularJS support has officially ended. For extended AngularJS support options, see https://goo.gle/angularjs-path-forward.",
      "peer": true
    },
    "node_modules/angularjs-toast": {
      "version": "4.0.1",
      "resolved": "https://registry.npmjs.org/angularjs-toast/-/angularjs-toast-4.0.1.tgz",
      "integrity": "sha512-E9YzH6b0RZmxxqLLslB6LevGfQh+IWkWe+yoOasec6IiLdlTR6lNYoo2fMsGyaLZXdPnYZwcmCwy8oehhZcERQ==",
      "peerDependencies": {
        "angular": "^1.6.0",
        "angular-animate": "^1.6.0",
        "angular-sanitize": "^1.6.0"
      }
    }
  }
}
